// !$*UTF8*$!
{
	archiveVersion = 1;
	classes = {
	};
	objectVersion = 46;
	objects = {

/* Begin PBXBuildFile section */
		59E70BD91A9B9F210083EF9F /* main.c in Sources */ = {isa = PBXBuildFile; fileRef = 59E70BD81A9B9F210083EF9F /* main.c */; };
		59E70BE01A9B9F6F0083EF9F /* transform.c in Sources */ = {isa = PBXBuildFile; fileRef = 59E70BDF1A9B9F6F0083EF9F /* transform.c */; };
/* End PBXBuildFile section */

/* Begin PBXCopyFilesBuildPhase section */
		59E70BD31A9B9F210083EF9F /* CopyFiles */ = {
			isa = PBXCopyFilesBuildPhase;
			buildActionMask = 2147483647;
			dstPath = /usr/share/man/man1/;
			dstSubfolderSpec = 0;
			files = (
			);
			runOnlyForDeploymentPostprocessing = 1;
		};
/* End PBXCopyFilesBuildPhase section */

/* Begin PBXFileReference section */
		59E70BD51A9B9F210083EF9F /* 3d */ = {isa = PBXFileReference; explicitFileType = "compiled.mach-o.executable"; includeInIndex = 0; path = 3d; sourceTree = BUILT_PRODUCTS_DIR; };
		59E70BD81A9B9F210083EF9F /* main.c */ = {isa = PBXFileReference; lastKnownFileType = sourcecode.c.c; path = main.c; sourceTree = "<group>"; };
		59E70BDF1A9B9F6F0083EF9F /* transform.c */ = {isa = PBXFileReference; fileEncoding = 4; lastKnownFileType = sourcecode.c.c; path = transform.c; sourceTree = "<group>"; };
/* End PBXFileReference section */

/* Begin PBXFrameworksBuildPhase section */
		59E70BD21A9B9F210083EF9F /* Frameworks */ = {
			isa = PBXFrameworksBuildPhase;
			buildActionMask = 2147483647;
			files = (
			);
			runOnlyForDeploymentPostprocessing = 0;
		};
/* End PBXFrameworksBuildPhase section */

/* Begin PBXGroup section */
		59E70BCC1A9B9F210083EF9F = {
			isa = PBXGroup;
			children = (
				59E70BD71A9B9F210083EF9F /* 3d */,
				59E70BD61A9B9F210083EF9F /* Products */,
			);
			sourceTree = "<group>";
		};
		59E70BD61A9B9F210083EF9F /* Products */ = {
			isa = PBXGroup;
			children = (
				59E70BD51A9B9F210083EF9F /* 3d */,
			);
			name = Products;
			sourceTree = "<group>";
		};
		59E70BD71A9B9F210083EF9F /* 3d */ = {
			isa = PBXGroup;
			children = (
				59E70BD81A9B9F210083EF9F /* main.c */,
				59E70BDF1A9B9F6F0083EF9F /* transform.c */,
			);
			path = 3d;
			sourceTree = "<group>";
		};
/* End PBXGroup section */

/* Begin PBXNativeTarget section */
		59E70BD41A9B9F210083EF9F /* 3d */ = {
			isa = PBXNativeTarget;
			buildConfigurationList = 59E70BDC1A9B9F210083EF9F /* Build configuration list for PBXNativeTarget "3d" */;
			buildPhases = (
				59E70BD11A9B9F210083EF9F /* Sources */,
				59E70BD21A9B9F210083EF9F /* Frameworks */,
				59E70BD31A9B9F210083EF9F /* CopyFiles */,
			);
			buildRules = (
			);
			dependencies = (
			);
			name = 3d;
			productName = 3d;
			productReference = 59E70BD51A9B9F210083EF9F /* 3d */;
			productType = "com.apple.product-type.tool";
		};
/* End PBXNativeTarget section */

/* Begin PBXProject section */
		59E70BCD1A9B9F210083EF9F /* Project object */ = {
			isa = PBXProject;
			attributes = {
				LastUpgradeCheck = 0600;
				ORGANIZATIONNAME = "Yuxiang Chen";
				TargetAttributes = {
					59E70BD41A9B9F210083EF9F = {
						CreatedOnToolsVersion = 6.0;
					};
				};
			};
			buildConfigurationList = 59E70BD01A9B9F210083EF9F /* Build configuration list for PBXProject "3d" */;
			compatibilityVersion = "Xcode 3.2";
			developmentRegion = English;
			hasScannedForEncodings = 0;
			knownRegions = (
				en,
			);
			mainGroup = 59E70BCC1A9B9F210083EF9F;
			productRefGroup = 59E70BD61A9B9F210083EF9F /* Products */;
			projectDirPath = "";
			projectRoot = "";
			targets = (
				59E70BD41A9B9F210083EF9F /* 3d */,
			);
		};
/* End PBXProject section */

/* Begin PBXSourcesBuildPhase section */
		59E70BD11A9B9F210083EF9F /* Sources */ = {
			isa = PBXSourcesBuildPhase;
			buildActionMask = 2147483647;
			files = (
				59E70BE01A9B9F6F0083EF9F /* transform.c in Sources */,
				59E70BD91A9B9F210083EF9F /* main.c in Sources */,
			);
			runOnlyForDeploymentPostprocessing = 0;
		};
/* End PBXSourcesBuildPhase section */

/* Begin XCBuildConfiguration section */
		59E70BDA1A9B9F210083EF9F /* Debug */ = {
			isa = XCBuildConfiguration;
			buildSettings = {
				ALWAYS_SEARCH_USER_PATHS = NO;
				CLANG_CXX_LANGUAGE_STANDARD = "gnu++0x";
				CLANG_CXX_LIBRARY = "libc++";
				CLANG_ENABLE_MODULES = YES;
				CLANG_ENABLE_OBJC_ARC = YES;
				CLANG_WARN_BOOL_CONVERSION = YES;
				CLANG_WARN_CONSTANT_CONVERSION = YES;
				CLANG_WARN_DIRECT_OBJC_ISA_USAGE = YES_ERROR;
				CLANG_WARN_EMPTY_BODY = YES;
				CLANG_WARN_ENUM_CONVERSION = YES;
				CLANG_WARN_INT_CONVERSION = YES;
				CLANG_WARN_OBJC_ROOT_CLASS = YES_ERROR;
				CLANG_WARN_UNREACHABLE_CODE = YES;
				CLANG_WARN__DUPLICATE_METHOD_MATCH = YES;
				COPY_PHASE_STRIP = NO;
				ENABLE_STRICT_OBJC_MSGSEND = YES;
				GCC_C_LANGUAGE_STANDARD = gnu99;
				GCC_DYNAMIC_NO_PIC = NO;
				GCC_OPTIMIZATION_LEVEL = 0;
				GCC_PREPROCESSOR_DEFINITIONS = (
					"DEBUG=1",
					"$(inherited)",
				);
				GCC_SYMBOLS_PRIVATE_EXTERN = NO;
				GCC_WARN_64_TO_32_BIT_CONVERSION = YES;
				GCC_WARN_ABOUT_RETURN_TYPE = YES_ERROR;
				GCC_WARN_UNDECLARED_SELECTOR = YES;
				GCC_WARN_UNINITIALIZED_AUTOS = YES_AGGRESSIVE;
				GCC_WARN_UNUSED_FUNCTION = YES;
				GCC_WARN_UNUSED_VARIABLE = YES;
				MACOSX_DEPLOYMENT_TARGET = 10.10;
				MTL_ENABLE_DEBUG_INFO = YES;
				ONLY_ACTIVE_ARCH = YES;
				SDKROOT = macosx;
			};
			name = Debug;
		};
		59E70BDB1A9B9F210083EF9F /* Release */ = {
			isa = XCBuildConfiguration;
			buildSettings = {
				ALWAYS_SEARCH_USER_PATHS = NO;
				CLANG_CXX_LANGUAGE_STANDARD = "gnu++0x";
				CLANG_CXX_LIBRARY = "libc++";
				CLANG_ENABLE_MODULES = YES;
				CLANG_ENABLE_OBJC_ARC = YES;
				CLANG_WARN_BOOL_CONVERSION = YES;
				CLANG_WARN_CONSTANT_CONVERSION = YES;
				CLANG_WARN_DIRECT_OBJC_ISA_USAGE = YES_ERROR;
				CLANG_WARN_EMPTY_BODY = YES;
				CLANG_WARN_ENUM_CONVERSION = YES;
				CLANG_WARN_INT_CONVERSION = YES;
				CLANG_WARN_OBJC_ROOT_CLASS = YES_ERROR;
				CLANG_WARN_UNREACHABLE_CODE = YES;
				CLANG_WARN__DUPLICATE_METHOD_MATCH = YES;
				COPY_PHASE_STRIP = YES;
				DEBUG_INFORMATION_FORMAT = "dwarf-with-dsym";
				ENABLE_NS_ASSERTIONS = NO;
				ENABLE_STRICT_OBJC_MSGSEND = YES;
				GCC_C_LANGUAGE_STANDARD = gnu99;
				GCC_WARN_64_TO_32_BIT_CONVERSION = YES;
				GCC_WARN_ABOUT_RETURN_TYPE = YES_ERROR;
				GCC_WARN_UNDECLARED_SELECTOR = YES;
				GCC_WARN_UNINITIALIZED_AUTOS = YES_AGGRESSIVE;
				GCC_WARN_UNUSED_FUNCTION = YES;
				GCC_WARN_UNUSED_VARIABLE = YES;
				MACOSX_DEPLOYMENT_TARGET = 10.10;
				MTL_ENABLE_DEBUG_INFO = NO;
				SDKROOT = macosx;
			};
			name = Release;
		};
		59E70BDD1A9B9F210083EF9F /* Debug */ = {
			isa = XCBuildConfiguration;
			buildSettings = {
				PRODUCT_NAME = "$(TARGET_NAME)";
			};
			name = Debug;
		};
		59E70BDE1A9B9F210083EF9F /* Release */ = {
			isa = XCBuildConfiguration;
			buildSettings = {
				PRODUCT_NAME = "$(TARGET_NAME)";
			};
			name = Release;
		};
/* End XCBuildConfiguration section */

/* Begin XCConfigurationList section */
		59E70BD01A9B9F210083EF9F /* Build configuration list for PBXProject "3d" */ = {
			isa = XCConfigurationList;
			buildConfigurations = (
				59E70BDA1A9B9F210083EF9F /* Debug */,
				59E70BDB1A9B9F210083EF9F /* Release */,
			);
			defaultConfigurationIsVisible = 0;
			defaultConfigurationName = Release;
		};
		59E70BDC1A9B9F210083EF9F /* Build configuration list for PBXNativeTarget "3d" */ = {
			isa = XCConfigurationList;
			buildConfigurations = (
				59E70BDD1A9B9F210083EF9F /* Debug */,
				59E70BDE1A9B9F210083EF9F /* Release */,
			);
			defaultConfigurationIsVisible = 0;
		};
/* End XCConfigurationList section */
	};
	rootObject = 59E70BCD1A9B9F210083EF9F /* Project object */;
}
